
Microsoft Visual Studio Solution File, Format Version 12.00
# Visual Studio Version 17
VisualStudioVersion = 17.2.32616.157
MinimumVisualStudioVersion = 10.0.40219.1
Project("{FAE04EC0-301F-11D3-BF4B-00C04F79EFBC}") = "StatusCode", "StatusCode\StatusCode.csproj", "{889B3166-77DB-4748-982F-320DDA8A268C}"
EndProject
Global
	GlobalSection(SolutionConfigurationPlatforms) = preSolution
		Debug|Any CPU = Debug|Any CPU
		Release|Any CPU = Release|Any CPU
	EndGlobalSection
	GlobalSection(ProjectConfigurationPlatforms) = postSolution
		{889B3166-77DB-4748-982F-320DDA8A268C}.Debug|Any CPU.ActiveCfg = Debug|Any CPU
		{889B3166-77DB-4748-982F-320DDA8A268C}.Debug|Any CPU.Build.0 = Debug|Any CPU
		{889B3166-77DB-4748-982F-320DDA8A268C}.Release|Any CPU.ActiveCfg = Release|Any CPU
		{889B3166-77DB-4748-982F-320DDA8A268C}.Release|Any CPU.Build.0 = Release|Any CPU
	EndGlobalSection
	GlobalSection(SolutionProperties) = preSolution
		HideSolutionNode = FALSE
	EndGlobalSection
	GlobalSection(ExtensibilityGlobals) = postSolution
		SolutionGuid = {390950DB-C2D0-4283-8904-C5882EB85159}
	EndGlobalSection
EndGlobal
